Microsoft Visual Studio Solution File, Format Version 12.00
# Visual Studio Version 17
VisualStudioVersion = 17.5.2.0
MinimumVisualStudioVersion = 10.0.40219.1
Project("{FAE04EC0-301F-11D3-BF4B-00C04F79EFBC}") = "RomanNumeralConverter", "RomanNumeralConverter.csproj", "{5E55D11A-9CC5-9096-3A97-2FA38CE562E9}"
EndProject
Global
	GlobalSection(SolutionConfigurationPlatforms) = preSolution
		Debug|Any CPU = Debug|Any CPU
		Release|Any CPU = Release|Any CPU
	EndGlobalSection
	GlobalSection(ProjectConfigurationPlatforms) = postSolution
		{5E55D11A-9CC5-9096-3A97-2FA38CE562E9}.Debug|Any CPU.ActiveCfg = Debug|Any CPU
		{5E55D11A-9CC5-9096-3A97-2FA38CE562E9}.Debug|Any CPU.Build.0 = Debug|Any CPU
		{5E55D11A-9CC5-9096-3A97-2FA38CE562E9}.Release|Any CPU.ActiveCfg = Release|Any CPU
		{5E55D11A-9CC5-9096-3A97-2FA38CE562E9}.Release|Any CPU.Build.0 = Release|Any CPU
	EndGlobalSection
	GlobalSection(SolutionProperties) = preSolution
		HideSolutionNode = FALSE
	EndGlobalSection
	GlobalSection(ExtensibilityGlobals) = postSolution
		SolutionGuid = {32DCECDA-E286-4A24-B33C-5C18016D5383}
	EndGlobalSection
EndGlobal
